
Microsoft Visual Studio Solution File, Format Version 12.00
# Visual Studio Version 17
VisualStudioVersion = 17.1.32407.343
MinimumVisualStudioVersion = 10.0.40219.1
Project("{2150E333-8FDC-42A3-9474-1A3956D46DE8}") = "FrontEnd", "FrontEnd", "{26E66585-9155-4E16-8E38-3C3BA5AF7BAB}"
EndProject
Project("{2150E333-8FDC-42A3-9474-1A3956D46DE8}") = "Services", "Services", "{CB7D78EC-B50D-4267-B9F0-2BE68A9C5699}"
EndProject
Project("{9A19103F-16F7-4668-BE54-9A1E7A4F7556}") = "AgendamentoAPI", "AgendamentoAPI\AgendamentoAPI.csproj", "{4893F3A2-7956-431E-9B8D-37ED3928D257}"
EndProject
Project("{9A19103F-16F7-4668-BE54-9A1E7A4F7556}") = "FrontEnd", "FrontEnd\FrontEnd.csproj", "{0C93D619-2637-4B08-843E-797644F3E08B}"
EndProject
Project("{9A19103F-16F7-4668-BE54-9A1E7A4F7556}") = "Utils", "Utils\Utils.csproj", "{1CF5ADA1-C4E7-415F-919C-26F8BEAFF28B}"
EndProject
Global
	GlobalSection(SolutionConfigurationPlatforms) = preSolution
		Debug|Any CPU = Debug|Any CPU
		Release|Any CPU = Release|Any CPU
	EndGlobalSection
	GlobalSection(ProjectConfigurationPlatforms) = postSolution
		{4893F3A2-7956-431E-9B8D-37ED3928D257}.Debug|Any CPU.ActiveCfg = Debug|Any CPU
		{4893F3A2-7956-431E-9B8D-37ED3928D257}.Debug|Any CPU.Build.0 = Debug|Any CPU
		{4893F3A2-7956-431E-9B8D-37ED3928D257}.Release|Any CPU.ActiveCfg = Release|Any CPU
		{4893F3A2-7956-431E-9B8D-37ED3928D257}.Release|Any CPU.Build.0 = Release|Any CPU
		{0C93D619-2637-4B08-843E-797644F3E08B}.Debug|Any CPU.ActiveCfg = Debug|Any CPU
		{0C93D619-2637-4B08-843E-797644F3E08B}.Debug|Any CPU.Build.0 = Debug|Any CPU
		{0C93D619-2637-4B08-843E-797644F3E08B}.Release|Any CPU.ActiveCfg = Release|Any CPU
		{0C93D619-2637-4B08-843E-797644F3E08B}.Release|Any CPU.Build.0 = Release|Any CPU
		{1CF5ADA1-C4E7-415F-919C-26F8BEAFF28B}.Debug|Any CPU.ActiveCfg = Debug|Any CPU
		{1CF5ADA1-C4E7-415F-919C-26F8BEAFF28B}.Debug|Any CPU.Build.0 = Debug|Any CPU
		{1CF5ADA1-C4E7-415F-919C-26F8BEAFF28B}.Release|Any CPU.ActiveCfg = Release|Any CPU
		{1CF5ADA1-C4E7-415F-919C-26F8BEAFF28B}.Release|Any CPU.Build.0 = Release|Any CPU
	EndGlobalSection
	GlobalSection(SolutionProperties) = preSolution
		HideSolutionNode = FALSE
	EndGlobalSection
	GlobalSection(NestedProjects) = preSolution
		{4893F3A2-7956-431E-9B8D-37ED3928D257} = {CB7D78EC-B50D-4267-B9F0-2BE68A9C5699}
		{0C93D619-2637-4B08-843E-797644F3E08B} = {26E66585-9155-4E16-8E38-3C3BA5AF7BAB}
	EndGlobalSection
	GlobalSection(ExtensibilityGlobals) = postSolution
		SolutionGuid = {A91D36FB-5B00-4439-94A3-3D571E316C48}
	EndGlobalSection
EndGlobal
